// !$*UTF8*$!
{
	archiveVersion = 1;
	classes = {
	};
	objectVersion = 56;
	objects = {

/* Begin PBXBuildFile section */
		A1234567890123456789012A /* TrojanVPNApp.swift in Sources */ = {isa = PBXBuildFile; fileRef = A1234567890123456789012B /* TrojanVPNApp.swift */; };
		A1234567890123456789012C /* ContentView.swift in Sources */ = {isa = PBXBuildFile; fileRef = A1234567890123456789012D /* ContentView.swift */; };
		A1234567890123456789012E /* TrojanVPNManager.swift in Sources */ = {isa = PBXBuildFile; fileRef = A1234567890123456789012F /* TrojanVPNManager.swift */; };
		A1234567890123456789013A /* TrojanPacketTunnelProvider.swift in Sources */ = {isa = PBXBuildFile; fileRef = A1234567890123456789013B /* TrojanPacketTunnelProvider.swift */; };
		A1234567890123456789013C /* TrojanProtocol.swift in Sources */ = {isa = PBXBuildFile; fileRef = A1234567890123456789013D /* TrojanProtocol.swift */; };
		A1234567890123456789013E /* NetworkExtension.framework in Frameworks */ = {isa = PBXBuildFile; fileRef = A1234567890123456789013F /* NetworkExtension.framework */; };
/* End PBXBuildFile section */

/* Begin PBXFileReference section */
		A1234567890123456789012B /* TrojanVPNApp.swift */ = {isa = PBXFileReference; lastKnownFileType = sourcecode.swift; path = TrojanVPNApp.swift; sourceTree = "<group>"; };
		A1234567890123456789012D /* ContentView.swift */ = {isa = PBXFileReference; lastKnownFileType = sourcecode.swift; path = ContentView.swift; sourceTree = "<group>"; };
		A1234567890123456789012F /* TrojanVPNManager.swift */ = {isa = PBXFileReference; lastKnownFileType = sourcecode.swift; path = TrojanVPNManager.swift; sourceTree = "<group>"; };
		A1234567890123456789013B /* TrojanPacketTunnelProvider.swift */ = {isa = PBXFileReference; lastKnownFileType = sourcecode.swift; path = TrojanPacketTunnelProvider.swift; sourceTree = "<group>"; };
		A1234567890123456789013D /* TrojanProtocol.swift */ = {isa = PBXFileReference; lastKnownFileType = sourcecode.swift; path = TrojanProtocol.swift; sourceTree = "<group>"; };
		A1234567890123456789013F /* NetworkExtension.framework */ = {isa = PBXFileReference; lastKnownFileType = wrapper.framework; name = NetworkExtension.framework; path = System/Library/Frameworks/NetworkExtension.framework; sourceTree = SDKROOT; };
		A123456789012345678901AA /* TrojanVPN.app */ = {isa = PBXFileReference; explicitFileType = wrapper.application; includeInIndex = 0; path = TrojanVPN.app; sourceTree = BUILT_PRODUCTS_DIR; };
		A123456789012345678901BB /* TrojanVPNExtension.appex */ = {isa = PBXFileReference; explicitFileType = "wrapper.app-extension"; includeInIndex = 0; path = TrojanVPNExtension.appex; sourceTree = BUILT_PRODUCTS_DIR; };
/* End PBXFileReference section */

/* Begin PBXFrameworksBuildPhase section */
		A123456789012345678901CC /* Frameworks */ = {
			isa = PBXFrameworksBuildPhase;
			buildActionMask = 2147483647;
			files = (
				A1234567890123456789013E /* NetworkExtension.framework in Frameworks */,
			);
			runOnlyForDeploymentPostprocessing = 0;
		};
/* End PBXFrameworksBuildPhase section */

	};
	rootObject = A123456789012345678901DD /* Project object */;
}